{
  "version": "5",
  "specifiers": {
    "jsr:@db/sqlite@0.13": "0.13.0",
    "jsr:@denosaurs/plug@1": "1.1.0",
    "jsr:@kysely/kysely@~0.29.4": "0.29.4",
    "jsr:@std/assert@^1.0.19": "1.0.19",
    "jsr:@std/collections@^1.1.3": "1.3.0",
    "jsr:@std/crypto@^1.1.0": "1.1.0",
    "jsr:@std/encoding@1": "1.0.11",
    "jsr:@std/encoding@^1.0.11": "1.0.11",
    "jsr:@std/fmt@1": "1.0.10",
    "jsr:@std/fmt@^1.0.10": "1.0.10",
    "jsr:@std/fs@1": "1.0.24",
    "jsr:@std/fs@^1.0.24": "1.0.24",
    "jsr:@std/internal@^1.0.12": "1.0.14",
    "jsr:@std/internal@^1.0.14": "1.0.14",
    "jsr:@std/path@1": "1.1.6",
    "jsr:@std/path@1.0": "1.0.9",
    "jsr:@std/path@^1.1.5": "1.1.6",
    "jsr:@std/path@^1.1.6": "1.1.6",
    "jsr:@std/toml@^1.0.11": "1.0.11",
    "npm:@discordeno/bot@^22.0.1-next.ff7c51d": "22.0.1-next.ff7c51d",
    "npm:@discordeno/types@^22.0.1-next.ff7c51d": "22.0.1-next.ff7c51d",
    "npm:@types/culori@^4.0.1": "4.0.1",
    "npm:culori@^4.0.2": "4.0.2",
    "npm:dd-cache-proxy@^2.9.0": "2.9.0_@discordeno+bot@22.0.1-next.ff7c51d"
  },
  "jsr": {
    "@db/sqlite@0.13.0": {
      "integrity": "4545c635e0b3d4ddfdc0f2240f932f24b8ad0178e9c2e3a0f9403e7b18ae2fb5",
      "dependencies": [
        "jsr:@denosaurs/plug",
        "jsr:@std/path@1.0"
      ]
    },
    "@denosaurs/plug@1.1.0": {
      "integrity": "eb2f0b7546c7bca2000d8b0282c54d50d91cf6d75cb26a80df25a6de8c4bc044",
      "dependencies": [
        "jsr:@std/encoding@1",
        "jsr:@std/fmt@1",
        "jsr:@std/fs@1",
        "jsr:@std/path@1"
      ]
    },
    "@kysely/kysely@0.29.4": {
      "integrity": "73bc0c46efb9a64b0fd613d8a3250fccd24ab5bbd1bba27b3f9b50482700f6d5"
    },
    "@std/assert@1.0.19": {
      "integrity": "eaada96ee120cb980bc47e040f82814d786fe8162ecc53c91d8df60b8755991e",
      "dependencies": [
        "jsr:@std/internal@^1.0.12"
      ]
    },
    "@std/collections@1.3.0": {
      "integrity": "eb36b43d784477ea0b476483ac034a14bdd182aff921c812ecf662a1fcef9498"
    },
    "@std/crypto@1.1.0": {
      "integrity": "b8d6d0a6377a32b213af2661ed7bf1062d94feac0c57def5526a8e74a95c3ec8"
    },
    "@std/encoding@1.0.11": {
      "integrity": "e7cef2f0b3153bccc17431e7c864a1de03a4b6d9647389c43e08aaa775d37385"
    },
    "@std/fmt@1.0.10": {
      "integrity": "90dfba288802ac6de82fb31d0917eb9e4450b9925b954d5e51fc29ac07419db5"
    },
    "@std/fs@1.0.24": {
      "integrity": "f3061b45b81673a2bece689da041df32d174be064c89eb6397fb5718d3fb7877",
      "dependencies": [
        "jsr:@std/internal@^1.0.14",
        "jsr:@std/path@^1.1.5"
      ]
    },
    "@std/internal@1.0.14": {
      "integrity": "291516b3d4c35024d6ffbc0a9df5bf4c64116e05b50012cf846710152d2ffdf7"
    },
    "@std/path@1.0.9": {
      "integrity": "260a49f11edd3db93dd38350bf9cd1b4d1366afa98e81b86167b4e3dd750129e"
    },
    "@std/path@1.1.6": {
      "integrity": "c68485c2a4dfbb5ae3cc74fae4e8c4e5d874cf8a8ed12927917235c758b46cbe",
      "dependencies": [
        "jsr:@std/internal@^1.0.14"
      ]
    },
    "@std/toml@1.0.11": {
      "integrity": "e084988b872ca4bad6aedfb7350f6eeed0e8ba88e9ee5e1590621c5b5bb8f715",
      "dependencies": [
        "jsr:@std/collections"
      ]
    }
  },
  "npm": {
    "@discordeno/bot@22.0.1-next.ff7c51d": {
      "integrity": "sha512-GV/2ZXotNF25PMSEvuNMMucaoRqMyR0tEps/4bodD90MAYxNXUtxmKBohKc6Se1M7gARxQ+9W57O/+kqf+F9cQ==",
      "dependencies": [
        "@discordeno/gateway",
        "@discordeno/rest",
        "@discordeno/types",
        "@discordeno/utils"
      ]
    },
    "@discordeno/gateway@22.0.1-next.ff7c51d": {
      "integrity": "sha512-08Bsgfx5YNEfvy0I2xq/eKxIUgUwPksNTooLMsm6czjOmjrlBr6hUzoe+jXYei9nXKDVEalTS/jca0INc3OMmg==",
      "dependencies": [
        "@discordeno/types",
        "@discordeno/utils",
        "ws"
      ],
      "optionalDependencies": [
        "fzstd"
      ]
    },
    "@discordeno/rest@22.0.1-next.ff7c51d": {
      "integrity": "sha512-4DOGf75UMfscHoKgYq1z0AA6BnV2hdlzZxhxzS8wQ1Gk5tXfnhhKL+GLNblqDg4ylSY04vZIEY2qQfihhpMeWA==",
      "dependencies": [
        "@discordeno/types",
        "@discordeno/utils"
      ]
    },
    "@discordeno/types@22.0.1-next.ff7c51d": {
      "integrity": "sha512-h+Z9iA7Iu9w5Lepc7RyFvly8j47BYw2TW/xImWWqxAvU4HjnwehtnXk9vOkPoCGLy7TyP3zoqvILT21qDTCsFQ=="
    },
    "@discordeno/utils@22.0.1-next.ff7c51d": {
      "integrity": "sha512-gEnFV5q1deexd7jbHTTUUlP93AbQTsxNmdAGcUeM/woQU+4v3ZXQK+LZe60LyQsBfmv0KSDMXSv32PNvus6lGg==",
      "dependencies": [
        "@discordeno/types"
      ]
    },
    "@types/culori@4.0.1": {
      "integrity": "sha512-43M51r/22CjhbOXyGT361GZ9vncSVQ39u62x5eJdBQFviI8zWp2X5jzqg7k4M6PVgDQAClpy2bUe2dtwEgEDVQ=="
    },
    "culori@4.0.2": {
      "integrity": "sha512-1+BhOB8ahCn4O0cep0Sh2l9KCOfOdY+BXJnKMHFFzDEouSr/el18QwXEMRlOj9UY5nCeA8UN3a/82rUWRBeyBw=="
    },
    "dd-cache-proxy@2.9.0_@discordeno+bot@22.0.1-next.ff7c51d": {
      "integrity": "sha512-TzaO2SEjr26WXl584PRKUMqFJy3kC6akIwxurSxeARO+ceOT9XnMBEMrd910KzuLLEYTKdkgMt4w8y9j8qgPMw==",
      "dependencies": [
        "@discordeno/bot"
      ]
    },
    "fzstd@0.1.1": {
      "integrity": "sha512-dkuVSOKKwh3eas5VkJy1AW1vFpet8TA/fGmVA5krThl8YcOVE/8ZIoEA1+U1vEn5ckxxhLirSdY837azmbaNHA=="
    },
    "ws@8.21.1": {
      "integrity": "sha512-+0NTnW77fFN/DjQi6k/Sq/Yvk4Sgajw7urW8V+asjXnRgDs9gyGkdb7EzgfhA4goXsRIZKE28fzIXBHEzhuiWw=="
    }
  },
  "workspace": {
    "dependencies": [
      "jsr:@std/crypto@^1.1.0",
      "jsr:@std/fmt@^1.0.10",
      "jsr:@std/fs@^1.0.24",
      "jsr:@std/path@^1.1.6",
      "npm:@discordeno/bot@^22.0.1-next.ff7c51d",
      "npm:@discordeno/types@^22.0.1-next.ff7c51d",
      "npm:dd-cache-proxy@^2.9.0"
    ],
    "members": {
      "packages/commands": {
        "dependencies": [
          "jsr:@std/assert@^1.0.19"
        ]
      },
      "packages/config": {
        "dependencies": [
          "jsr:@std/toml@^1.0.11"
        ]
      },
      "packages/core": {
        "dependencies": [
          "npm:@types/culori@^4.0.1",
          "npm:culori@^4.0.2"
        ]
      },
      "packages/database": {
        "dependencies": [
          "jsr:@db/sqlite@0.13",
          "jsr:@kysely/kysely@~0.29.4"
        ]
      },
      "packages/services": {
        "dependencies": [
          "jsr:@std/encoding@^1.0.11"
        ]
      }
    }
  }
}
